
Microsoft Visual Studio Solution File, Format Version 12.00
# Visual Studio 2013
Project("{FAE04EC0-301F-11D3-BF4B-00C04F79EFBC}") = "XLuaTestGenCode", "XLuaTestGenCode.csproj", "{54C2A82C-C04D-16F1-C95E-99E5356972F1}"
EndProject
Project("{FAE04EC0-301F-11D3-BF4B-00C04F79EFBC}") = "XLuaUnitTestGenCode", "XLuaUnitTestGenCode.csproj", "{F433BFDC-6095-9CEA-E902-E39C5563D3A9}"
EndProject
Global
	GlobalSection(SolutionConfigurationPlatforms) = preSolution
		Debug|Any CPU = Debug|Any CPU
		Release|Any CPU = Release|Any CPU
	EndGlobalSection
	GlobalSection(ProjectConfigurationPlatforms) = postSolution
		{54C2A82C-C04D-16F1-C95E-99E5356972F1}.Debug|Any CPU.ActiveCfg = Debug|Any CPU
		{54C2A82C-C04D-16F1-C95E-99E5356972F1}.Debug|Any CPU.Build.0 = Debug|Any CPU
		{54C2A82C-C04D-16F1-C95E-99E5356972F1}.Release|Any CPU.ActiveCfg = Release|Any CPU
		{54C2A82C-C04D-16F1-C95E-99E5356972F1}.Release|Any CPU.Build.0 = Release|Any CPU
		{F433BFDC-6095-9CEA-E902-E39C5563D3A9}.Debug|Any CPU.ActiveCfg = Debug|Any CPU
		{F433BFDC-6095-9CEA-E902-E39C5563D3A9}.Debug|Any CPU.Build.0 = Debug|Any CPU
		{F433BFDC-6095-9CEA-E902-E39C5563D3A9}.Release|Any CPU.ActiveCfg = Release|Any CPU
		{F433BFDC-6095-9CEA-E902-E39C5563D3A9}.Release|Any CPU.Build.0 = Release|Any CPU
	EndGlobalSection
	GlobalSection(SolutionProperties) = preSolution
		HideSolutionNode = FALSE
	EndGlobalSection
EndGlobal
